Microsoft Visual Studio Solution File, Format Version 12.00
# Visual Studio Version 17
VisualStudioVersion = 17.5.2.0
MinimumVisualStudioVersion = 10.0.40219.1
Project("{FAE04EC0-301F-11D3-BF4B-00C04F79EFBC}") = "OOPs", "OOPs.csproj", "{AA7C342E-FF00-2D9D-9787-2537027D63EA}"
EndProject
Global
	GlobalSection(SolutionConfigurationPlatforms) = preSolution
		Debug|Any CPU = Debug|Any CPU
		Release|Any CPU = Release|Any CPU
	EndGlobalSection
	GlobalSection(ProjectConfigurationPlatforms) = postSolution
		{AA7C342E-FF00-2D9D-9787-2537027D63EA}.Debug|Any CPU.ActiveCfg = Debug|Any CPU
		{AA7C342E-FF00-2D9D-9787-2537027D63EA}.Debug|Any CPU.Build.0 = Debug|Any CPU
		{AA7C342E-FF00-2D9D-9787-2537027D63EA}.Release|Any CPU.ActiveCfg = Release|Any CPU
		{AA7C342E-FF00-2D9D-9787-2537027D63EA}.Release|Any CPU.Build.0 = Release|Any CPU
	EndGlobalSection
	GlobalSection(SolutionProperties) = preSolution
		HideSolutionNode = FALSE
	EndGlobalSection
	GlobalSection(ExtensibilityGlobals) = postSolution
		SolutionGuid = {D64FB330-E198-46E9-AF08-9674065EC689}
	EndGlobalSection
EndGlobal
